
Microsoft Visual Studio Solution File, Format Version 12.00
# Visual Studio Version 16
VisualStudioVersion = 16.0.31410.357
MinimumVisualStudioVersion = 10.0.40219.1
Project("{FAE04EC0-301F-11D3-BF4B-00C04F79EFBC}") = "DemoAPI", "DemoAPI\DemoAPI.csproj", "{3E3AAE38-7FFB-4558-9708-7D784061ED0B}"
EndProject
Project("{FAE04EC0-301F-11D3-BF4B-00C04F79EFBC}") = "DemoSecurity", "DemoSecurity\DemoSecurity.csproj", "{E37F9459-520C-4315-ADD9-350967035197}"
EndProject
Global
	GlobalSection(SolutionConfigurationPlatforms) = preSolution
		Debug|Any CPU = Debug|Any CPU
		Release|Any CPU = Release|Any CPU
	EndGlobalSection
	GlobalSection(ProjectConfigurationPlatforms) = postSolution
		{3E3AAE38-7FFB-4558-9708-7D784061ED0B}.Debug|Any CPU.ActiveCfg = Debug|Any CPU
		{3E3AAE38-7FFB-4558-9708-7D784061ED0B}.Debug|Any CPU.Build.0 = Debug|Any CPU
		{3E3AAE38-7FFB-4558-9708-7D784061ED0B}.Release|Any CPU.ActiveCfg = Release|Any CPU
		{3E3AAE38-7FFB-4558-9708-7D784061ED0B}.Release|Any CPU.Build.0 = Release|Any CPU
		{E37F9459-520C-4315-ADD9-350967035197}.Debug|Any CPU.ActiveCfg = Debug|Any CPU
		{E37F9459-520C-4315-ADD9-350967035197}.Debug|Any CPU.Build.0 = Debug|Any CPU
		{E37F9459-520C-4315-ADD9-350967035197}.Release|Any CPU.ActiveCfg = Release|Any CPU
		{E37F9459-520C-4315-ADD9-350967035197}.Release|Any CPU.Build.0 = Release|Any CPU
	EndGlobalSection
	GlobalSection(SolutionProperties) = preSolution
		HideSolutionNode = FALSE
	EndGlobalSection
	GlobalSection(ExtensibilityGlobals) = postSolution
		SolutionGuid = {9643062D-F403-4397-8249-7B77A19D68DC}
	EndGlobalSection
EndGlobal
