
Microsoft Visual Studio Solution File, Format Version 12.00
# Visual Studio Version 16
VisualStudioVersion = 16.0.31729.503
MinimumVisualStudioVersion = 10.0.40219.1
Project("{FAE04EC0-301F-11D3-BF4B-00C04F79EFBC}") = "BookManager", "BookManager\BookManager.csproj", "{B6ADD479-55A5-42EE-961B-87C082A9819B}"
EndProject
Global
	GlobalSection(SolutionConfigurationPlatforms) = preSolution
		Debug|Any CPU = Debug|Any CPU
		Release|Any CPU = Release|Any CPU
	EndGlobalSection
	GlobalSection(ProjectConfigurationPlatforms) = postSolution
		{B6ADD479-55A5-42EE-961B-87C082A9819B}.Debug|Any CPU.ActiveCfg = Debug|Any CPU
		{B6ADD479-55A5-42EE-961B-87C082A9819B}.Debug|Any CPU.Build.0 = Debug|Any CPU
		{B6ADD479-55A5-42EE-961B-87C082A9819B}.Release|Any CPU.ActiveCfg = Release|Any CPU
		{B6ADD479-55A5-42EE-961B-87C082A9819B}.Release|Any CPU.Build.0 = Release|Any CPU
	EndGlobalSection
	GlobalSection(SolutionProperties) = preSolution
		HideSolutionNode = FALSE
	EndGlobalSection
	GlobalSection(ExtensibilityGlobals) = postSolution
		SolutionGuid = {6B0F4CBD-3378-42AD-8128-9D5340C952F4}
	EndGlobalSection
EndGlobal
