
Microsoft Visual Studio Solution File, Format Version 12.00
# Visual Studio Version 16
VisualStudioVersion = 16.0.31729.503
MinimumVisualStudioVersion = 10.0.40219.1
Project("{FAE04EC0-301F-11D3-BF4B-00C04F79EFBC}") = "DemoRazorPage", "DemoRazorPage\DemoRazorPage.csproj", "{72BC82BA-6135-4AD8-B847-7D986B9F1FDF}"
EndProject
Global
	GlobalSection(SolutionConfigurationPlatforms) = preSolution
		Debug|Any CPU = Debug|Any CPU
		Release|Any CPU = Release|Any CPU
	EndGlobalSection
	GlobalSection(ProjectConfigurationPlatforms) = postSolution
		{72BC82BA-6135-4AD8-B847-7D986B9F1FDF}.Debug|Any CPU.ActiveCfg = Debug|Any CPU
		{72BC82BA-6135-4AD8-B847-7D986B9F1FDF}.Debug|Any CPU.Build.0 = Debug|Any CPU
		{72BC82BA-6135-4AD8-B847-7D986B9F1FDF}.Release|Any CPU.ActiveCfg = Release|Any CPU
		{72BC82BA-6135-4AD8-B847-7D986B9F1FDF}.Release|Any CPU.Build.0 = Release|Any CPU
	EndGlobalSection
	GlobalSection(SolutionProperties) = preSolution
		HideSolutionNode = FALSE
	EndGlobalSection
	GlobalSection(ExtensibilityGlobals) = postSolution
		SolutionGuid = {42D779CE-64A7-47ED-9DBD-018F665D845B}
	EndGlobalSection
EndGlobal
